// !$*UTF8*$!
{
	archiveVersion = 1;
	classes = {
	};
	objectVersion = 46;
	objects = {

/* Begin PBXBuildFile section */
		3B4564E71CD09ED000A28F61 /* main.cpp in Sources */ = {isa = PBXBuildFile; fileRef = 3B4564E61CD09ED000A28F61 /* main.cpp */; };
		3BEC524B1CD0B28400083C79 /* trie.cpp in Sources */ = {isa = PBXBuildFile; fileRef = 3BEC52491CD0B28400083C79 /* trie.cpp */; };
/* End PBXBuildFile section */

/* Begin PBXCopyFilesBuildPhase section */
		3B4564E11CD09ED000A28F61 /* CopyFiles */ = {
			isa = PBXCopyFilesBuildPhase;
			buildActionMask = 2147483647;
			dstPath = /usr/share/man/man1/;
			dstSubfolderSpec = 0;
			files = (
			);
			runOnlyForDeploymentPostprocessing = 1;
		};
/* End PBXCopyFilesBuildPhase section */

/* Begin PBXFileReference section */
		3B4564E31CD09ED000A28F61 /* Boggler */ = {isa = PBXFileReference; explicitFileType = "compiled.mach-o.executable"; includeInIndex = 0; path = Boggler; sourceTree = BUILT_PRODUCTS_DIR; };
		3B4564E61CD09ED000A28F61 /* main.cpp */ = {isa = PBXFileReference; lastKnownFileType = sourcecode.cpp.cpp; path = main.cpp; sourceTree = "<group>"; };
		3BEC52461CD0A90400083C79 /* trie.h */ = {isa = PBXFileReference; lastKnownFileType = sourcecode.c.h; path = trie.h; sourceTree = "<group>"; };
		3BEC52491CD0B28400083C79 /* trie.cpp */ = {isa = PBXFileReference; fileEncoding = 4; lastKnownFileType = sourcecode.cpp.cpp; path = trie.cpp; sourceTree = "<group>"; };
/* End PBXFileReference section */

/* Begin PBXFrameworksBuildPhase section */
		3B4564E01CD09ED000A28F61 /* Frameworks */ = {
			isa = PBXFrameworksBuildPhase;
			buildActionMask = 2147483647;
			files = (
			);
			runOnlyForDeploymentPostprocessing = 0;
		};
/* End PBXFrameworksBuildPhase section */

/* Begin PBXGroup section */
		3B4564DA1CD09ED000A28F61 = {
			isa = PBXGroup;
			children = (
				3B4564E51CD09ED000A28F61 /* Boggler */,
				3B4564E41CD09ED000A28F61 /* Products */,
			);
			sourceTree = "<group>";
		};
		3B4564E41CD09ED000A28F61 /* Products */ = {
			isa = PBXGroup;
			children = (
				3B4564E31CD09ED000A28F61 /* Boggler */,
			);
			name = Products;
			sourceTree = "<group>";
		};
		3B4564E51CD09ED000A28F61 /* Boggler */ = {
			isa = PBXGroup;
			children = (
				3BEC52481CD0B25600083C79 /* Impls */,
				3BEC52471CD0B24A00083C79 /* Headers */,
				3B4564E61CD09ED000A28F61 /* main.cpp */,
			);
			path = Boggler;
			sourceTree = "<group>";
		};
		3BEC52471CD0B24A00083C79 /* Headers */ = {
			isa = PBXGroup;
			children = (
				3BEC52461CD0A90400083C79 /* trie.h */,
			);
			name = Headers;
			sourceTree = "<group>";
		};
		3BEC52481CD0B25600083C79 /* Impls */ = {
			isa = PBXGroup;
			children = (
				3BEC52491CD0B28400083C79 /* trie.cpp */,
			);
			name = Impls;
			sourceTree = "<group>";
		};
/* End PBXGroup section */

/* Begin PBXNativeTarget section */
		3B4564E21CD09ED000A28F61 /* Boggler */ = {
			isa = PBXNativeTarget;
			buildConfigurationList = 3B4564EA1CD09ED000A28F61 /* Build configuration list for PBXNativeTarget "Boggler" */;
			buildPhases = (
				3B4564DF1CD09ED000A28F61 /* Sources */,
				3B4564E01CD09ED000A28F61 /* Frameworks */,
				3B4564E11CD09ED000A28F61 /* CopyFiles */,
			);
			buildRules = (
			);
			dependencies = (
			);
			name = Boggler;
			productName = Boggler;
			productReference = 3B4564E31CD09ED000A28F61 /* Boggler */;
			productType = "com.apple.product-type.tool";
		};
/* End PBXNativeTarget section */

/* Begin PBXProject section */
		3B4564DB1CD09ED000A28F61 /* Project object */ = {
			isa = PBXProject;
			attributes = {
				LastUpgradeCheck = 0730;
				ORGANIZATIONNAME = stephen.zhang;
				TargetAttributes = {
					3B4564E21CD09ED000A28F61 = {
						CreatedOnToolsVersion = 7.3;
					};
				};
			};
			buildConfigurationList = 3B4564DE1CD09ED000A28F61 /* Build configuration list for PBXProject "Boggler" */;
			compatibilityVersion = "Xcode 3.2";
			developmentRegion = English;
			hasScannedForEncodings = 0;
			knownRegions = (
				en,
			);
			mainGroup = 3B4564DA1CD09ED000A28F61;
			productRefGroup = 3B4564E41CD09ED000A28F61 /* Products */;
			projectDirPath = "";
			projectRoot = "";
			targets = (
				3B4564E21CD09ED000A28F61 /* Boggler */,
			);
		};
/* End PBXProject section */

/* Begin PBXSourcesBuildPhase section */
		3B4564DF1CD09ED000A28F61 /* Sources */ = {
			isa = PBXSourcesBuildPhase;
			buildActionMask = 2147483647;
			files = (
				3B4564E71CD09ED000A28F61 /* main.cpp in Sources */,
				3BEC524B1CD0B28400083C79 /* trie.cpp in Sources */,
			);
			runOnlyForDeploymentPostprocessing = 0;
		};
/* End PBXSourcesBuildPhase section */

/* Begin XCBuildConfiguration section */
		3B4564E81CD09ED000A28F61 /* Debug */ = {
			isa = XCBuildConfiguration;
			buildSettings = {
				ALWAYS_SEARCH_USER_PATHS = NO;
				CLANG_ANALYZER_NONNULL = YES;
				CLANG_CXX_LANGUAGE_STANDARD = "gnu++0x";
				CLANG_CXX_LIBRARY = "libc++";
				CLANG_ENABLE_MODULES = YES;
				CLANG_ENABLE_OBJC_ARC = YES;
				CLANG_WARN_BOOL_CONVERSION = YES;
				CLANG_WARN_CONSTANT_CONVERSION = YES;
				CLANG_WARN_DIRECT_OBJC_ISA_USAGE = YES_ERROR;
				CLANG_WARN_EMPTY_BODY = YES;
				CLANG_WARN_ENUM_CONVERSION = YES;
				CLANG_WARN_INT_CONVERSION = YES;
				CLANG_WARN_OBJC_ROOT_CLASS = YES_ERROR;
				CLANG_WARN_UNREACHABLE_CODE = YES;
				CLANG_WARN__DUPLICATE_METHOD_MATCH = YES;
				CODE_SIGN_IDENTITY = "-";
				COPY_PHASE_STRIP = NO;
				DEBUG_INFORMATION_FORMAT = dwarf;
				ENABLE_STRICT_OBJC_MSGSEND = YES;
				ENABLE_TESTABILITY = YES;
				GCC_C_LANGUAGE_STANDARD = gnu99;
				GCC_DYNAMIC_NO_PIC = NO;
				GCC_NO_COMMON_BLOCKS = YES;
				GCC_OPTIMIZATION_LEVEL = 0;
				GCC_PREPROCESSOR_DEFINITIONS = (
					"DEBUG=1",
					"$(inherited)",
				);
				GCC_WARN_64_TO_32_BIT_CONVERSION = YES;
				GCC_WARN_ABOUT_RETURN_TYPE = YES_ERROR;
				GCC_WARN_UNDECLARED_SELECTOR = YES;
				GCC_WARN_UNINITIALIZED_AUTOS = YES_AGGRESSIVE;
				GCC_WARN_UNUSED_FUNCTION = YES;
				GCC_WARN_UNUSED_VARIABLE = YES;
				MACOSX_DEPLOYMENT_TARGET = 10.11;
				MTL_ENABLE_DEBUG_INFO = YES;
				ONLY_ACTIVE_ARCH = YES;
				SDKROOT = macosx;
			};
			name = Debug;
		};
		3B4564E91CD09ED000A28F61 /* Release */ = {
			isa = XCBuildConfiguration;
			buildSettings = {
				ALWAYS_SEARCH_USER_PATHS = NO;
				CLANG_ANALYZER_NONNULL = YES;
				CLANG_CXX_LANGUAGE_STANDARD = "gnu++0x";
				CLANG_CXX_LIBRARY = "libc++";
				CLANG_ENABLE_MODULES = YES;
				CLANG_ENABLE_OBJC_ARC = YES;
				CLANG_WARN_BOOL_CONVERSION = YES;
				CLANG_WARN_CONSTANT_CONVERSION = YES;
				CLANG_WARN_DIRECT_OBJC_ISA_USAGE = YES_ERROR;
				CLANG_WARN_EMPTY_BODY = YES;
				CLANG_WARN_ENUM_CONVERSION = YES;
				CLANG_WARN_INT_CONVERSION = YES;
				CLANG_WARN_OBJC_ROOT_CLASS = YES_ERROR;
				CLANG_WARN_UNREACHABLE_CODE = YES;
				CLANG_WARN__DUPLICATE_METHOD_MATCH = YES;
				CODE_SIGN_IDENTITY = "-";
				COPY_PHASE_STRIP = NO;
				DEBUG_INFORMATION_FORMAT = "dwarf-with-dsym";
				ENABLE_NS_ASSERTIONS = NO;
				ENABLE_STRICT_OBJC_MSGSEND = YES;
				GCC_C_LANGUAGE_STANDARD = gnu99;
				GCC_NO_COMMON_BLOCKS = YES;
				GCC_WARN_64_TO_32_BIT_CONVERSION = YES;
				GCC_WARN_ABOUT_RETURN_TYPE = YES_ERROR;
				GCC_WARN_UNDECLARED_SELECTOR = YES;
				GCC_WARN_UNINITIALIZED_AUTOS = YES_AGGRESSIVE;
				GCC_WARN_UNUSED_FUNCTION = YES;
				GCC_WARN_UNUSED_VARIABLE = YES;
				MACOSX_DEPLOYMENT_TARGET = 10.11;
				MTL_ENABLE_DEBUG_INFO = NO;
				SDKROOT = macosx;
			};
			name = Release;
		};
		3B4564EB1CD09ED000A28F61 /* Debug */ = {
			isa = XCBuildConfiguration;
			buildSettings = {
				PRODUCT_NAME = "$(TARGET_NAME)";
			};
			name = Debug;
		};
		3B4564EC1CD09ED000A28F61 /* Release */ = {
			isa = XCBuildConfiguration;
			buildSettings = {
				PRODUCT_NAME = "$(TARGET_NAME)";
			};
			name = Release;
		};
/* End XCBuildConfiguration section */

/* Begin XCConfigurationList section */
		3B4564DE1CD09ED000A28F61 /* Build configuration list for PBXProject "Boggler" */ = {
			isa = XCConfigurationList;
			buildConfigurations = (
				3B4564E81CD09ED000A28F61 /* Debug */,
				3B4564E91CD09ED000A28F61 /* Release */,
			);
			defaultConfigurationIsVisible = 0;
			defaultConfigurationName = Release;
		};
		3B4564EA1CD09ED000A28F61 /* Build configuration list for PBXNativeTarget "Boggler" */ = {
			isa = XCConfigurationList;
			buildConfigurations = (
				3B4564EB1CD09ED000A28F61 /* Debug */,
				3B4564EC1CD09ED000A28F61 /* Release */,
			);
			defaultConfigurationIsVisible = 0;
			defaultConfigurationName = Release;
		};
/* End XCConfigurationList section */
	};
	rootObject = 3B4564DB1CD09ED000A28F61 /* Project object */;
}
